
Microsoft Visual Studio Solution File, Format Version 12.00
# Visual Studio Version 17
VisualStudioVersion = 17.4.33103.184
MinimumVisualStudioVersion = 10.0.40219.1
Project("{FAE04EC0-301F-11D3-BF4B-00C04F79EFBC}") = "anotherLesson1", "anotherLesson1\anotherLesson1.csproj", "{7C58392C-5DEE-4C22-9DC0-AA3B73DD23B4}"
EndProject
Global
	GlobalSection(SolutionConfigurationPlatforms) = preSolution
		Debug|Any CPU = Debug|Any CPU
		Release|Any CPU = Release|Any CPU
	EndGlobalSection
	GlobalSection(ProjectConfigurationPlatforms) = postSolution
		{7C58392C-5DEE-4C22-9DC0-AA3B73DD23B4}.Debug|Any CPU.ActiveCfg = Debug|Any CPU
		{7C58392C-5DEE-4C22-9DC0-AA3B73DD23B4}.Debug|Any CPU.Build.0 = Debug|Any CPU
		{7C58392C-5DEE-4C22-9DC0-AA3B73DD23B4}.Release|Any CPU.ActiveCfg = Release|Any CPU
		{7C58392C-5DEE-4C22-9DC0-AA3B73DD23B4}.Release|Any CPU.Build.0 = Release|Any CPU
	EndGlobalSection
	GlobalSection(SolutionProperties) = preSolution
		HideSolutionNode = FALSE
	EndGlobalSection
	GlobalSection(ExtensibilityGlobals) = postSolution
		SolutionGuid = {DFFC4115-9F70-4575-AC39-30DA90567867}
	EndGlobalSection
EndGlobal
